
Microsoft Visual Studio Solution File, Format Version 12.00
# Visual Studio Version 17
VisualStudioVersion = 17.5.33516.290
MinimumVisualStudioVersion = 10.0.40219.1
Project("{FAE04EC0-301F-11D3-BF4B-00C04F79EFBC}") = "Exercicios---11-04", "Exercicios---11-04\Exercicios---11-04.csproj", "{91789776-0D8B-4A14-90F0-2AA8E01BBE91}"
EndProject
Global
	GlobalSection(SolutionConfigurationPlatforms) = preSolution
		Debug|Any CPU = Debug|Any CPU
		Release|Any CPU = Release|Any CPU
	EndGlobalSection
	GlobalSection(ProjectConfigurationPlatforms) = postSolution
		{91789776-0D8B-4A14-90F0-2AA8E01BBE91}.Debug|Any CPU.ActiveCfg = Debug|Any CPU
		{91789776-0D8B-4A14-90F0-2AA8E01BBE91}.Debug|Any CPU.Build.0 = Debug|Any CPU
		{91789776-0D8B-4A14-90F0-2AA8E01BBE91}.Release|Any CPU.ActiveCfg = Release|Any CPU
		{91789776-0D8B-4A14-90F0-2AA8E01BBE91}.Release|Any CPU.Build.0 = Release|Any CPU
	EndGlobalSection
	GlobalSection(SolutionProperties) = preSolution
		HideSolutionNode = FALSE
	EndGlobalSection
	GlobalSection(ExtensibilityGlobals) = postSolution
		SolutionGuid = {A2760C18-367A-484D-8A0D-BEF3EBB1B00D}
	EndGlobalSection
EndGlobal
